version = 1
revision = 1
requires-python = ">=3.12"

[[package]]
name = "annotated-types"
version = "0.6.0"
source = { registry = "https://pypi.org/simple" }
sdist = { url = "https://files.pythonhosted.org/packages/67/fe/8c7b275824c6d2cd17c93ee85d0ee81c090285b6d52f4876ccc47cf9c3c4/annotated_types-0.6.0.tar.gz", hash = "sha256:563339e807e53ffd9c267e99fc6d9ea23eb8443c08f112651963e24e22f84a5d", size = 14670 }
wheels = [
    { url = "https://files.pythonhosted.org/packages/28/78/d31230046e58c207284c6b2c4e8d96e6d3cb4e52354721b944d3e1ee4aa5/annotated_types-0.6.0-py3-none-any.whl", hash = "sha256:0641064de18ba7a25dee8f96403ebc39113d0cb953a01429249d5c7564666a43", size = 12360 },
]

[[package]]
name = "async-timeout"
version = "4.0.3"
source = { registry = "https://pypi.org/simple" }
sdist = { url = "https://files.pythonhosted.org/packages/87/d6/21b30a550dafea84b1b8eee21b5e23fa16d010ae006011221f33dcd8d7f8/async-timeout-4.0.3.tar.gz", hash = "sha256:4640d96be84d82d02ed59ea2b7105a0f7b33abe8703703cd0ab0bf87c427522f", size = 8345 }
wheels = [
    { url = "https://files.pythonhosted.org/packages/a7/fa/e01228c2938de91d47b307831c62ab9e4001e747789d0b05baf779a6488c/async_timeout-4.0.3-py3-none-any.whl", hash = "sha256:7405140ff1230c310e51dc27b3145b9092d659ce68ff733fb0cefe3ee42be028", size = 5721 },
]

[[package]]
name = "asyncpg"
version = "0.29.0"
source = { registry = "https://pypi.org/simple" }
sdist = { url = "https://files.pythonhosted.org/packages/c1/11/7a6000244eaeb6b8ed2238bf33477c486515d6133f2c295913aca3ba4a00/asyncpg-0.29.0.tar.gz", hash = "sha256:d1c49e1f44fffafd9a55e1a9b101590859d881d639ea2922516f5d9c512d354e", size = 820455 }
wheels = [
    { url = "https://files.pythonhosted.org/packages/f2/b7/38b7c195f66a5598413c538da499b3f8119ba5764ded6fff620f7eb84c65/asyncpg-0.29.0-cp312-cp312-macosx_10_9_x86_64.whl", hash = "sha256:6011b0dc29886ab424dc042bf9eeb507670a3b40aece3439944006aafe023178", size = 636282 },
    { url = "https://files.pythonhosted.org/packages/eb/0b/d128b57f7e994a6d71253d0a6a8c949fc50c969785010d46b87d8491be24/asyncpg-0.29.0-cp312-cp312-macosx_11_0_arm64.whl", hash = "sha256:b544ffc66b039d5ec5a7454667f855f7fec08e0dfaf5a5490dfafbb7abbd2cfb", size = 618024 },
    { url = "https://files.pythonhosted.org/packages/49/ac/0396e559e1e7ab23787f790ae96b22affe2d66acebb084d6fc42293d12b8/asyncpg-0.29.0-cp312-cp312-manylinux_2_17_aarch64.manylinux2014_aarch64.whl", hash = "sha256:d84156d5fb530b06c493f9e7635aa18f518fa1d1395ef240d211cb563c4e2364", size = 3196465 },
    { url = "https://files.pythonhosted.org/packages/99/38/0bfb00e9b828513bd759174860fd2b1c5e36d0b33985c90ff4ed6f96814c/asyncpg-0.29.0-cp312-cp312-manylinux_2_17_x86_64.manylinux2014_x86_64.whl", hash = "sha256:54858bc25b49d1114178d65a88e48ad50cb2b6f3e475caa0f0c092d5f527c106", size = 3275564 },
    { url = "https://files.pythonhosted.org/packages/16/1b/bb42784e9895832bf460ee6643f818bd53e4d6a6308cca5984c581a51845/asyncpg-0.29.0-cp312-cp312-musllinux_1_1_aarch64.whl", hash = "sha256:bde17a1861cf10d5afce80a36fca736a86769ab3579532c03e45f83ba8a09c59", size = 3164724 },
    { url = "https://files.pythonhosted.org/packages/d5/d1/7ed5169e30e80573c942f5a6f29b2f87d5b8379bdd9bd916f0ed136c874e/asyncpg-0.29.0-cp312-cp312-musllinux_1_1_x86_64.whl", hash = "sha256:37a2ec1b9ff88d8773d3eb6d3784dc7e3fee7756a5317b67f923172a4748a175", size = 3252834 },
    { url = "https://files.pythonhosted.org/packages/91/2e/20e024608c57c2099531ba492c761b12fdd80891a67e58c92de44d05d57e/asyncpg-0.29.0-cp312-cp312-win32.whl", hash = "sha256:bb1292d9fad43112a85e98ecdc2e051602bce97c199920586be83254d9dafc02", size = 487254 },
    { url = "https://files.pythonhosted.org/packages/71/86/7a18e1a457afb73991e5e5586e2341af09a31c91d8f65cc003f0b4553252/asyncpg-0.29.0-cp312-cp312-win_amd64.whl", hash = "sha256:2245be8ec5047a605e0b454c894e54bf2ec787ac04b1cb7e0d3c67aa1e32f0fe", size = 530253 },
]

[[package]]
name = "dnspython"
version = "2.6.1"
source = { registry = "https://pypi.org/simple" }
sdist = { url = "https://files.pythonhosted.org/packages/37/7d/c871f55054e403fdfd6b8f65fd6d1c4e147ed100d3e9f9ba1fe695403939/dnspython-2.6.1.tar.gz", hash = "sha256:e8f0f9c23a7b7cb99ded64e6c3a6f3e701d78f50c55e002b839dea7225cff7cc", size = 332727 }
wheels = [
    { url = "https://files.pythonhosted.org/packages/87/a1/8c5287991ddb8d3e4662f71356d9656d91ab3a36618c3dd11b280df0d255/dnspython-2.6.1-py3-none-any.whl", hash = "sha256:5ef3b9680161f6fa89daf8ad451b5f1a33b18ae8a1c6778cdf4b43f08c0a6e50", size = 307696 },
]

[[package]]
name = "faker"
version = "24.14.0"
source = { registry = "https://pypi.org/simple" }
dependencies = [
    { name = "python-dateutil" },
]
sdist = { url = "https://files.pythonhosted.org/packages/67/64/b5ebfc0872dd69b702dc7d3e9d770ee5f80290e5a82599643724571965eb/Faker-24.14.0.tar.gz", hash = "sha256:13676b71346608350accc56e302d55ab7fca0db3f739145c3a3157d9623658a5", size = 1732995 }
wheels = [
    { url = "https://files.pythonhosted.org/packages/c5/92/ce8f09c7fe1fc4be9cc6c146cac534f6a140a8ab2ddda5c493f622ce43f0/Faker-24.14.0-py3-none-any.whl", hash = "sha256:7692aa95155109b9348ab94afddd9049df41db64baa4ba6736653e947b52378e", size = 1769568 },
]

[[package]]
name = "motor"
version = "3.4.0"
source = { registry = "https://pypi.org/simple" }
dependencies = [
    { name = "pymongo" },
]
sdist = { url = "https://files.pythonhosted.org/packages/7c/21/53f0bff417d234d025602ec01f0bd437a53ba43daefc62f8d8bc9d51812a/motor-3.4.0.tar.gz", hash = "sha256:c89b4e4eb2e711345e91c7c9b122cb68cce0e5e869ed0387dd0acb10775e3131", size = 276052 }
wheels = [
    { url = "https://files.pythonhosted.org/packages/c1/94/e09b22a1501ac8960de4d6ff4e8d21fb7ef67063a3f4454823886fee43b5/motor-3.4.0-py3-none-any.whl", hash = "sha256:4b1e1a0cc5116ff73be2c080a72da078f2bb719b53bc7a6bb9e9a2f7dcd421ed", size = 74267 },
]

[[package]]
name = "parallelizing-python-migration"
version = "0.1.0"
source = { virtual = "." }
dependencies = [
    { name = "annotated-types" },
    { name = "async-timeout" },
    { name = "asyncpg" },
    { name = "dnspython" },
    { name = "faker" },
    { name = "motor" },
    { name = "pydantic" },
    { name = "pydantic-core" },
    { name = "pymongo" },
    { name = "python-dateutil" },
    { name = "six" },
    { name = "typing-extensions" },
]

[package.metadata]
requires-dist = [
    { name = "annotated-types", specifier = "==0.6.0" },
    { name = "async-timeout", specifier = "==4.0.3" },
    { name = "asyncpg", specifier = "==0.29.0" },
    { name = "dnspython", specifier = "==2.6.1" },
    { name = "faker", specifier = "==24.14.0" },
    { name = "motor", specifier = "==3.4.0" },
    { name = "pydantic", specifier = "==2.7.1" },
    { name = "pydantic-core", specifier = "==2.18.2" },
    { name = "pymongo", specifier = "==4.7.0" },
    { name = "python-dateutil", specifier = "==2.9.0.post0" },
    { name = "six", specifier = "==1.16.0" },
    { name = "typing-extensions", specifier = "==4.11.0" },
]

[[package]]
name = "pydantic"
version = "2.7.1"
source = { registry = "https://pypi.org/simple" }
dependencies = [
    { name = "annotated-types" },
    { name = "pydantic-core" },
    { name = "typing-extensions" },
]
sdist = { url = "https://files.pythonhosted.org/packages/1f/74/0d009e056c2bd309cdc053b932d819fcb5ad3301fc3e690c097e1de3e714/pydantic-2.7.1.tar.gz", hash = "sha256:e9dbb5eada8abe4d9ae5f46b9939aead650cd2b68f249bb3a8139dbe125803cc", size = 713923 }
wheels = [
    { url = "https://files.pythonhosted.org/packages/ed/76/9a17032880ed27f2dbd490c77a3431cbc80f47ba81534131de3c2846e736/pydantic-2.7.1-py3-none-any.whl", hash = "sha256:e029badca45266732a9a79898a15ae2e8b14840b1eabbb25844be28f0b33f3d5", size = 409311 },
]

[[package]]
name = "pydantic-core"
version = "2.18.2"
source = { registry = "https://pypi.org/simple" }
dependencies = [
    { name = "typing-extensions" },
]
sdist = { url = "https://files.pythonhosted.org/packages/e9/23/a609c50e53959eb96393e42ae4891901f699aaad682998371348650a6651/pydantic_core-2.18.2.tar.gz", hash = "sha256:2e29d20810dfc3043ee13ac7d9e25105799817683348823f305ab3f349b9386e", size = 383446 }
wheels = [
    { url = "https://files.pythonhosted.org/packages/15/b1/e6edfe46402a5b415fc3de86aa64fb10009b323907f8d513175bfb839aa9/pydantic_core-2.18.2-cp312-cp312-macosx_10_12_x86_64.whl", hash = "sha256:fb2bd7be70c0fe4dfd32c951bc813d9fe6ebcbfdd15a07527796c8204bd36242", size = 1857389 },
    { url = "https://files.pythonhosted.org/packages/30/49/397da3f6910d62f092684a50bcaba2566825c6eee27a743846583a01fadf/pydantic_core-2.18.2-cp312-cp312-macosx_11_0_arm64.whl", hash = "sha256:6132dd3bd52838acddca05a72aafb6eab6536aa145e923bb50f45e78b7251043", size = 1770630 },
    { url = "https://files.pythonhosted.org/packages/6d/e0/1d65ae0cab571cf072b23a44bb3a4f0b4d45572e2157bce9f073e703e30b/pydantic_core-2.18.2-cp312-cp312-manylinux_2_17_aarch64.manylinux2014_aarch64.whl", hash = "sha256:d7d904828195733c183d20a54230c0df0eb46ec746ea1a666730787353e87182", size = 1816322 },
    { url = "https://files.pythonhosted.org/packages/c6/79/a9bde518a69b983adab265a1a3fbe26392b50854b1cf3f8ad030b28972c4/pydantic_core-2.18.2-cp312-cp312-manylinux_2_17_armv7l.manylinux2014_armv7l.whl", hash = "sha256:c9bd70772c720142be1020eac55f8143a34ec9f82d75a8e7a07852023e46617f", size = 1797646 },
    { url = "https://files.pythonhosted.org/packages/5d/c0/28331aab3be69f407a95b629be253b57c3df492ea1dd1c53dce9796d10c1/pydantic_core-2.18.2-cp312-cp312-manylinux_2_17_ppc64le.manylinux2014_ppc64le.whl", hash = "sha256:2b8ed04b3582771764538f7ee7001b02e1170223cf9b75dff0bc698fadb00cf3", size = 2020413 },
    { url = "https://files.pythonhosted.org/packages/11/4e/e06605ce50035dd9bf107dda3d514e4b1ba82a5551ef57a15e73e47d9053/pydantic_core-2.18.2-cp312-cp312-manylinux_2_17_s390x.manylinux2014_s390x.whl", hash = "sha256:e6dac87ddb34aaec85f873d737e9d06a3555a1cc1a8e0c44b7f8d5daeb89d86f", size = 2884072 },
    { url = "https://files.pythonhosted.org/packages/a1/c9/7d61469af6386e5846b5864bb93dc770979968c113863f923916c1a8bca2/pydantic_core-2.18.2-cp312-cp312-manylinux_2_17_x86_64.manylinux2014_x86_64.whl", hash = "sha256:7ca4ae5a27ad7a4ee5170aebce1574b375de390bc01284f87b18d43a3984df72", size = 2082895 },
    { url = "https://files.pythonhosted.org/packages/af/b2/dff1a30e6c7eae5e12ed90fc790733cda91d5d9d8da86db59c41359049d5/pydantic_core-2.18.2-cp312-cp312-manylinux_2_5_i686.manylinux1_i686.whl", hash = "sha256:886eec03591b7cf058467a70a87733b35f44707bd86cf64a615584fd72488b7c", size = 1931326 },
    { url = "https://files.pythonhosted.org/packages/0e/b9/28dc15be5a828708612cc429354609b456719f70180af9c66d7617bbac60/pydantic_core-2.18.2-cp312-cp312-musllinux_1_1_aarch64.whl", hash = "sha256:ca7b0c1f1c983e064caa85f3792dd2fe3526b3505378874afa84baf662e12241", size = 1993024 },
    { url = "https://files.pythonhosted.org/packages/d4/8f/51b3cb36a4d2f1ed5d72f3ea329bab203db234fff056414b76950f353984/pydantic_core-2.18.2-cp312-cp312-musllinux_1_1_x86_64.whl", hash = "sha256:4b4356d3538c3649337df4074e81b85f0616b79731fe22dd11b99499b2ebbdf3", size = 2129503 },
    { url = "https://files.pythonhosted.org/packages/7e/47/2e8b7d24fa69e82e3b6cd74776c36f88f0fadf63e1c777fc4385db2bc63a/pydantic_core-2.18.2-cp312-none-win32.whl", hash = "sha256:8b172601454f2d7701121bbec3425dd71efcb787a027edf49724c9cefc14c038", size = 1748771 },
    { url = "https://files.pythonhosted.org/packages/e4/49/f29028068b5cb364ad066a58490dd26fd1d4ba2943d829eb0f85dbc8ab06/pydantic_core-2.18.2-cp312-none-win_amd64.whl", hash = "sha256:b1bd7e47b1558ea872bd16c8502c414f9e90dcf12f1395129d7bb42a09a95438", size = 1916735 },
    { url = "https://files.pythonhosted.org/packages/ac/32/d288f59ef7af445bac9a9281936f1d65999568d654b24a837d14ae01cefa/pydantic_core-2.18.2-cp312-none-win_arm64.whl", hash = "sha256:98758d627ff397e752bc339272c14c98199c613f922d4a384ddc07526c86a2ec", size = 1814428 },
]

[[package]]
name = "pymongo"
version = "4.7.0"
source = { registry = "https://pypi.org/simple" }
dependencies = [
    { name = "dnspython" },
]
sdist = { url = "https://files.pythonhosted.org/packages/dc/3f/652c9546a84919039c123f81c51242bd869f9803e3a0b7a8859dcb667480/pymongo-4.7.0.tar.gz", hash = "sha256:431093ef808944a14698b2a719b739fa7721778769e80c08423568991aa29c42", size = 1518478 }
wheels = [
    { url = "https://files.pythonhosted.org/packages/d1/d2/4d3b5a3f180f62ddf8e4c73538ecbf47f2b1fa98165b6e86f9186bcb811c/pymongo-4.7.0-cp312-cp312-macosx_10_9_x86_64.whl", hash = "sha256:36d05d1ff861dda7c9e84d9848ea6f2b5d2245ae1093865d14597de29ba95b37", size = 486538 },
    { url = "https://files.pythonhosted.org/packages/86/1a/28e5bbe228275802474f1c91c1615406a7e865deb9f4fc09cfeedd9d9ccc/pymongo-4.7.0-cp312-cp312-macosx_11_0_arm64.whl", hash = "sha256:0ad32bb7e5f889fc5994001f7bb8bf945b52e10e428a563dfce0661961eae224", size = 486245 },
    { url = "https://files.pythonhosted.org/packages/04/2a/7b9912c2c35ed9c4be4113dfa899f93c1fd6d648fccaa7f67e78d7511566/pymongo-4.7.0-cp312-cp312-manylinux_2_17_aarch64.manylinux2014_aarch64.whl", hash = "sha256:8885f825203fa14ce863b462effcd93e07bfc6e582b3b93cfcde5ae42ccc9923", size = 689053 },
    { url = "https://files.pythonhosted.org/packages/ad/24/25174c8327162fd0d01da62906d29262d058569bb5950dce8e59c3f92216/pymongo-4.7.0-cp312-cp312-manylinux_2_17_ppc64le.manylinux2014_ppc64le.whl", hash = "sha256:cf4187bc91bd10e29857775651101d0ec26e580d6b46a8c5cbf93928358ac3c3", size = 700062 },
    { url = "https://files.pythonhosted.org/packages/71/ab/ab518bfcae6fe7dfe0767eed9b6c4c8197d0224a84a4806522dd9044935e/pymongo-4.7.0-cp312-cp312-manylinux_2_17_s390x.manylinux2014_s390x.whl", hash = "sha256:aebd99aaea95c48fba24bc3d7b72e7bf70e06df4c647de938c4d3dce2fd25a1c", size = 695235 },
    { url = "https://files.pythonhosted.org/packages/99/12/cce2af4e0387c21fdb82812a1c688d236ba93e04b5ddcfe71ff958767ef6/pymongo-4.7.0-cp312-cp312-manylinux_2_17_x86_64.manylinux2014_x86_64.whl", hash = "sha256:52facf98dcba501b2ae337d21f065cc30ceb25b97ce8f17878c1ae9d781f7f26", size = 686874 },
    { url = "https://files.pythonhosted.org/packages/cb/69/b9ac47d9ae9028a02ea31e037117e648cbe9baa5d4c7a82e0f08177502a4/pymongo-4.7.0-cp312-cp312-manylinux_2_5_i686.manylinux1_i686.manylinux_2_17_i686.manylinux2014_i686.whl", hash = "sha256:f807dadc8030a5b55915f78fac25393af47bee8ccb62b5a6c5c622274ff4adf1", size = 677284 },
    { url = "https://files.pythonhosted.org/packages/bf/8f/bfbf6bcb62fe3aca817c46304ec485445db68c405e53456f84bc34c5be45/pymongo-4.7.0-cp312-cp312-win32.whl", hash = "sha256:7a3c9218c5bc4384fa079f41b744473ada6a5f549fc11a4ae0fe7287746acc04", size = 480626 },
    { url = "https://files.pythonhosted.org/packages/27/76/ba4159a32342939df4af2a0028b3bac86cf3b88e8636ed74df7b3f18445a/pymongo-4.7.0-cp312-cp312-win_amd64.whl", hash = "sha256:97ccb53d9310d5963df1a4543f1cfabdfd914638a5c8438234f6ed70d9303222", size = 485134 },
]

[[package]]
name = "python-dateutil"
version = "2.9.0.post0"
source = { registry = "https://pypi.org/simple" }
dependencies = [
    { name = "six" },
]
sdist = { url = "https://files.pythonhosted.org/packages/66/c0/0c8b6ad9f17a802ee498c46e004a0eb49bc148f2fd230864601a86dcf6db/python-dateutil-2.9.0.post0.tar.gz", hash = "sha256:37dd54208da7e1cd875388217d5e00ebd4179249f90fb72437e91a35459a0ad3", size = 342432 }
wheels = [
    { url = "https://files.pythonhosted.org/packages/ec/57/56b9bcc3c9c6a792fcbaf139543cee77261f3651ca9da0c93f5c1221264b/python_dateutil-2.9.0.post0-py2.py3-none-any.whl", hash = "sha256:a8b2bc7bffae282281c8140a97d3aa9c14da0b136dfe83f850eea9a5f7470427", size = 229892 },
]

[[package]]
name = "six"
version = "1.16.0"
source = { registry = "https://pypi.org/simple" }
sdist = { url = "https://files.pythonhosted.org/packages/71/39/171f1c67cd00715f190ba0b100d606d440a28c93c7714febeca8b79af85e/six-1.16.0.tar.gz", hash = "sha256:1e61c37477a1626458e36f7b1d82aa5c9b094fa4802892072e49de9c60c4c926", size = 34041 }
wheels = [
    { url = "https://files.pythonhosted.org/packages/d9/5a/e7c31adbe875f2abbb91bd84cf2dc52d792b5a01506781dbcf25c91daf11/six-1.16.0-py2.py3-none-any.whl", hash = "sha256:8abb2f1d86890a2dfb989f9a77cfcfd3e47c2a354b01111771326f8aa26e0254", size = 11053 },
]

[[package]]
name = "typing-extensions"
version = "4.11.0"
source = { registry = "https://pypi.org/simple" }
sdist = { url = "https://files.pythonhosted.org/packages/f6/f3/b827b3ab53b4e3d8513914586dcca61c355fa2ce8252dea4da56e67bf8f2/typing_extensions-4.11.0.tar.gz", hash = "sha256:83f085bd5ca59c80295fc2a82ab5dac679cbe02b9f33f7d83af68e241bea51b0", size = 78744 }
wheels = [
    { url = "https://files.pythonhosted.org/packages/01/f3/936e209267d6ef7510322191003885de524fc48d1b43269810cd589ceaf5/typing_extensions-4.11.0-py3-none-any.whl", hash = "sha256:c1f94d72897edaf4ce775bb7558d5b79d8126906a14ea5ed1635921406c0387a", size = 34698 },
]
